{
  "name": "gupt-bots",
  "version": "0.1.0",
  "lockfileVersion": 3,
  "requires": true,
  "packages": {
    "": {
      "name": "gupt-bots",
      "version": "0.1.0",
      "dependencies": {
        "gupt-sdk": "^0.2.0"
      },
      "engines": {
        "node": ">=22.12.0"
      }
    },
    "node_modules/@noble/ciphers": {
      "version": "2.3.0",
      "resolved": "https://registry.npmjs.org/@noble/ciphers/-/ciphers-2.3.0.tgz",
      "integrity": "sha512-Clu/xdfgVTf9o7ngLOURaxePwR0j8sjclKEtVij10/jGulwFsPWCvvRgG/XjUVf8Nei+jLG6uwyXzUTGY1DQrw==",
      "license": "MIT",
      "engines": {
        "node": ">= 20.19.0"
      },
      "funding": {
        "url": "https://paulmillr.com/funding/"
      }
    },
    "node_modules/@noble/hashes": {
      "version": "2.3.0",
      "resolved": "https://registry.npmjs.org/@noble/hashes/-/hashes-2.3.0.tgz",
      "integrity": "sha512-oN+QwyX7VSHotibwubG3kpzbwKrfnyR6OOO+3Nk/53ADL7FmgHHz4TgrbaYKvvOw09u6QTx0oiH1cNCIOuN0CQ==",
      "license": "MIT",
      "engines": {
        "node": ">= 20.19.0"
      },
      "funding": {
        "url": "https://paulmillr.com/funding/"
      }
    },
    "node_modules/@noble/secp256k1": {
      "version": "3.1.0",
      "resolved": "https://registry.npmjs.org/@noble/secp256k1/-/secp256k1-3.1.0.tgz",
      "integrity": "sha512-+F7iS7tUMaNGXcc9X3PjmjvuQnXEuSjCRNzVVA2xAcKXgCaP0dHYz4SFyt4FKNHef7sOP//xihowcySSS7PK9g==",
      "license": "MIT",
      "funding": {
        "url": "https://paulmillr.com/funding/"
      }
    },
    "node_modules/gupt-sdk": {
      "version": "0.2.0",
      "resolved": "https://registry.npmjs.org/gupt-sdk/-/gupt-sdk-0.2.0.tgz",
      "integrity": "sha512-MZAiniO448sIsiyLFVib6TMcmY+J0ueToOROASY2gcPL4oIRKQiztf9O3jKuIUuxOASu/zKNzIoYU7bGmr9aHA==",
      "license": "CC-BY-NC-4.0",
      "dependencies": {
        "@noble/ciphers": "^2.3.0",
        "@noble/hashes": "^2.3.0",
        "@noble/secp256k1": "^3.1.0"
      },
      "engines": {
        "node": ">=22.12.0"
      }
    }
  }
}
